
Microsoft Visual Studio Solution File, Format Version 12.00
# Visual Studio Version 16
VisualStudioVersion = 16.0.31025.194
MinimumVisualStudioVersion = 10.0.40219.1
Project("{FAE04EC0-301F-11D3-BF4B-00C04F79EFBC}") = "FeatureFlagApi.SDK", "FeatureFlagApi.SDK\FeatureFlagApi.SDK.csproj", "{BD3F26AB-F114-4ACC-BE72-E4C5854545AC}"
EndProject
Project("{2150E333-8FDC-42A3-9474-1A3956D46DE8}") = "SDK", "SDK", "{96C54E78-0EBB-43E3-A6BE-0F81F567B1C7}"
EndProject
Project("{FAE04EC0-301F-11D3-BF4B-00C04F79EFBC}") = "FeatureFlagApi.SDK.Tests", "FeatureFlagApi.SDK.Tests\FeatureFlagApi.SDK.Tests.csproj", "{5C2CE9F3-9613-453D-80E5-866E4D0282D1}"
EndProject
Project("{2150E333-8FDC-42A3-9474-1A3956D46DE8}") = "API", "API", "{A11F9FED-585E-4765-BBD7-BFB6807B92B3}"
EndProject
Project("{9A19103F-16F7-4668-BE54-9A1E7A4F7556}") = "FeatureFlagApi", "FeatureFlagApi\FeatureFlagApi.csproj", "{6202E3EA-2364-40F3-B471-317F850800B7}"
EndProject
Project("{9A19103F-16F7-4668-BE54-9A1E7A4F7556}") = "FeatureFlagApi.Tests", "FeatureFlagApi.Tests\FeatureFlagApi.Tests.csproj", "{2875CE6A-8EF2-4BE1-8147-638FA1DEEB71}"
EndProject
Project("{2150E333-8FDC-42A3-9474-1A3956D46DE8}") = "Shared", "Shared", "{01AFB075-E3BD-4B65-85A4-A5E60F3807BA}"
EndProject
Project("{FAE04EC0-301F-11D3-BF4B-00C04F79EFBC}") = "FeatureFlag.Shared", "FeatureFlag.Shared\FeatureFlag.Shared.csproj", "{1B2DDDE2-5EA2-4A55-BF41-0840F1A5B185}"
EndProject
Global
	GlobalSection(SolutionConfigurationPlatforms) = preSolution
		Debug|Any CPU = Debug|Any CPU
		Release|Any CPU = Release|Any CPU
	EndGlobalSection
	GlobalSection(ProjectConfigurationPlatforms) = postSolution
		{BD3F26AB-F114-4ACC-BE72-E4C5854545AC}.Debug|Any CPU.ActiveCfg = Debug|Any CPU
		{BD3F26AB-F114-4ACC-BE72-E4C5854545AC}.Debug|Any CPU.Build.0 = Debug|Any CPU
		{BD3F26AB-F114-4ACC-BE72-E4C5854545AC}.Release|Any CPU.ActiveCfg = Release|Any CPU
		{BD3F26AB-F114-4ACC-BE72-E4C5854545AC}.Release|Any CPU.Build.0 = Release|Any CPU
		{5C2CE9F3-9613-453D-80E5-866E4D0282D1}.Debug|Any CPU.ActiveCfg = Debug|Any CPU
		{5C2CE9F3-9613-453D-80E5-866E4D0282D1}.Debug|Any CPU.Build.0 = Debug|Any CPU
		{5C2CE9F3-9613-453D-80E5-866E4D0282D1}.Release|Any CPU.ActiveCfg = Release|Any CPU
		{5C2CE9F3-9613-453D-80E5-866E4D0282D1}.Release|Any CPU.Build.0 = Release|Any CPU
		{6202E3EA-2364-40F3-B471-317F850800B7}.Debug|Any CPU.ActiveCfg = Debug|Any CPU
		{6202E3EA-2364-40F3-B471-317F850800B7}.Debug|Any CPU.Build.0 = Debug|Any CPU
		{6202E3EA-2364-40F3-B471-317F850800B7}.Release|Any CPU.ActiveCfg = Release|Any CPU
		{6202E3EA-2364-40F3-B471-317F850800B7}.Release|Any CPU.Build.0 = Release|Any CPU
		{2875CE6A-8EF2-4BE1-8147-638FA1DEEB71}.Debug|Any CPU.ActiveCfg = Debug|Any CPU
		{2875CE6A-8EF2-4BE1-8147-638FA1DEEB71}.Debug|Any CPU.Build.0 = Debug|Any CPU
		{2875CE6A-8EF2-4BE1-8147-638FA1DEEB71}.Release|Any CPU.ActiveCfg = Release|Any CPU
		{2875CE6A-8EF2-4BE1-8147-638FA1DEEB71}.Release|Any CPU.Build.0 = Release|Any CPU
		{1B2DDDE2-5EA2-4A55-BF41-0840F1A5B185}.Debug|Any CPU.ActiveCfg = Debug|Any CPU
		{1B2DDDE2-5EA2-4A55-BF41-0840F1A5B185}.Debug|Any CPU.Build.0 = Debug|Any CPU
		{1B2DDDE2-5EA2-4A55-BF41-0840F1A5B185}.Release|Any CPU.ActiveCfg = Release|Any CPU
		{1B2DDDE2-5EA2-4A55-BF41-0840F1A5B185}.Release|Any CPU.Build.0 = Release|Any CPU
	EndGlobalSection
	GlobalSection(SolutionProperties) = preSolution
		HideSolutionNode = FALSE
	EndGlobalSection
	GlobalSection(NestedProjects) = preSolution
		{BD3F26AB-F114-4ACC-BE72-E4C5854545AC} = {96C54E78-0EBB-43E3-A6BE-0F81F567B1C7}
		{5C2CE9F3-9613-453D-80E5-866E4D0282D1} = {96C54E78-0EBB-43E3-A6BE-0F81F567B1C7}
		{6202E3EA-2364-40F3-B471-317F850800B7} = {A11F9FED-585E-4765-BBD7-BFB6807B92B3}
		{2875CE6A-8EF2-4BE1-8147-638FA1DEEB71} = {A11F9FED-585E-4765-BBD7-BFB6807B92B3}
		{1B2DDDE2-5EA2-4A55-BF41-0840F1A5B185} = {01AFB075-E3BD-4B65-85A4-A5E60F3807BA}
	EndGlobalSection
	GlobalSection(ExtensibilityGlobals) = postSolution
		SolutionGuid = {34577CE7-72F3-48C9-BF4E-A9EF11AB1763}
	EndGlobalSection
EndGlobal
