
Microsoft Visual Studio Solution File, Format Version 12.00
# Visual Studio Version 16
VisualStudioVersion = 16.0.31025.194
MinimumVisualStudioVersion = 10.0.40219.1
Project("{9A19103F-16F7-4668-BE54-9A1E7A4F7556}") = "FeatureFlagApi", "src\FeatureFlagApi\FeatureFlagApi.csproj", "{C35B34C7-9BE3-47E9-A43C-EAEE69609AB4}"
EndProject
Project("{9A19103F-16F7-4668-BE54-9A1E7A4F7556}") = "FeatureFlagApi.Tests", "test\FeatureFlagApi.Tests\FeatureFlagApi.Tests.csproj", "{64777995-E072-4FCA-92E1-2612354B053E}"
EndProject
Global
	GlobalSection(SolutionConfigurationPlatforms) = preSolution
		Debug|Any CPU = Debug|Any CPU
		Release|Any CPU = Release|Any CPU
	EndGlobalSection
	GlobalSection(ProjectConfigurationPlatforms) = postSolution
		{C35B34C7-9BE3-47E9-A43C-EAEE69609AB4}.Debug|Any CPU.ActiveCfg = Debug|Any CPU
		{C35B34C7-9BE3-47E9-A43C-EAEE69609AB4}.Debug|Any CPU.Build.0 = Debug|Any CPU
		{C35B34C7-9BE3-47E9-A43C-EAEE69609AB4}.Release|Any CPU.ActiveCfg = Release|Any CPU
		{C35B34C7-9BE3-47E9-A43C-EAEE69609AB4}.Release|Any CPU.Build.0 = Release|Any CPU
		{64777995-E072-4FCA-92E1-2612354B053E}.Debug|Any CPU.ActiveCfg = Debug|Any CPU
		{64777995-E072-4FCA-92E1-2612354B053E}.Debug|Any CPU.Build.0 = Debug|Any CPU
		{64777995-E072-4FCA-92E1-2612354B053E}.Release|Any CPU.ActiveCfg = Release|Any CPU
		{64777995-E072-4FCA-92E1-2612354B053E}.Release|Any CPU.Build.0 = Release|Any CPU
	EndGlobalSection
	GlobalSection(SolutionProperties) = preSolution
		HideSolutionNode = FALSE
	EndGlobalSection
	GlobalSection(ExtensibilityGlobals) = postSolution
		SolutionGuid = {34577CE7-72F3-48C9-BF4E-A9EF11AB1763}
	EndGlobalSection
EndGlobal
